
Microsoft Visual Studio Solution File, Format Version 12.00
# Visual Studio Version 16
VisualStudioVersion = 16.0.29411.108
MinimumVisualStudioVersion = 10.0.40219.1
Project("{F184B08F-C81C-45F6-A57F-5ABD9991F28F}") = "gamev1", "gamev1\gamev1.vbproj", "{25846CCE-8AE2-4633-87E1-0DF24FDFD9D9}"
EndProject
Global
	GlobalSection(SolutionConfigurationPlatforms) = preSolution
		Debug|Any CPU = Debug|Any CPU
		Release|Any CPU = Release|Any CPU
	EndGlobalSection
	GlobalSection(ProjectConfigurationPlatforms) = postSolution
		{25846CCE-8AE2-4633-87E1-0DF24FDFD9D9}.Debug|Any CPU.ActiveCfg = Debug|Any CPU
		{25846CCE-8AE2-4633-87E1-0DF24FDFD9D9}.Debug|Any CPU.Build.0 = Debug|Any CPU
		{25846CCE-8AE2-4633-87E1-0DF24FDFD9D9}.Release|Any CPU.ActiveCfg = Release|Any CPU
		{25846CCE-8AE2-4633-87E1-0DF24FDFD9D9}.Release|Any CPU.Build.0 = Release|Any CPU
	EndGlobalSection
	GlobalSection(SolutionProperties) = preSolution
		HideSolutionNode = FALSE
	EndGlobalSection
	GlobalSection(ExtensibilityGlobals) = postSolution
		SolutionGuid = {10594626-4F84-4003-828F-771F8ED204DE}
	EndGlobalSection
EndGlobal
